
Microsoft Visual Studio Solution File, Format Version 12.00
# Visual Studio Version 17
VisualStudioVersion = 17.9.34902.65
MinimumVisualStudioVersion = 10.0.40219.1
Project("{FAE04EC0-301F-11D3-BF4B-00C04F79EFBC}") = "Services", "FileScanService\Services.csproj", "{191A7144-B997-4EBC-A376-2A157FEBF037}"
EndProject
Project("{FAE04EC0-301F-11D3-BF4B-00C04F79EFBC}") = "Models", "Models\Models.csproj", "{3564FBE6-F422-4A64-BC0F-D04C24467DF8}"
EndProject
Project("{FAE04EC0-301F-11D3-BF4B-00C04F79EFBC}") = "DotnetFileScannerAPI", "DotnetFileScannerAPI\DotnetFileScannerAPI.csproj", "{FA642BE5-E6A9-4EBF-9624-02F3129A87DE}"
EndProject
Project("{FAE04EC0-301F-11D3-BF4B-00C04F79EFBC}") = "DotnetFileScanner.Test", "DotnetFileScanner.Test\DotnetFileScanner.Test.csproj", "{0333ED8F-246B-45C3-85C3-1E0A4A989A13}"
EndProject
Global
	GlobalSection(SolutionConfigurationPlatforms) = preSolution
		Debug|Any CPU = Debug|Any CPU
		Release|Any CPU = Release|Any CPU
	EndGlobalSection
	GlobalSection(ProjectConfigurationPlatforms) = postSolution
		{191A7144-B997-4EBC-A376-2A157FEBF037}.Debug|Any CPU.ActiveCfg = Debug|Any CPU
		{191A7144-B997-4EBC-A376-2A157FEBF037}.Debug|Any CPU.Build.0 = Debug|Any CPU
		{191A7144-B997-4EBC-A376-2A157FEBF037}.Release|Any CPU.ActiveCfg = Release|Any CPU
		{191A7144-B997-4EBC-A376-2A157FEBF037}.Release|Any CPU.Build.0 = Release|Any CPU
		{3564FBE6-F422-4A64-BC0F-D04C24467DF8}.Debug|Any CPU.ActiveCfg = Debug|Any CPU
		{3564FBE6-F422-4A64-BC0F-D04C24467DF8}.Debug|Any CPU.Build.0 = Debug|Any CPU
		{3564FBE6-F422-4A64-BC0F-D04C24467DF8}.Release|Any CPU.ActiveCfg = Release|Any CPU
		{3564FBE6-F422-4A64-BC0F-D04C24467DF8}.Release|Any CPU.Build.0 = Release|Any CPU
		{FA642BE5-E6A9-4EBF-9624-02F3129A87DE}.Debug|Any CPU.ActiveCfg = Debug|Any CPU
		{FA642BE5-E6A9-4EBF-9624-02F3129A87DE}.Debug|Any CPU.Build.0 = Debug|Any CPU
		{FA642BE5-E6A9-4EBF-9624-02F3129A87DE}.Release|Any CPU.ActiveCfg = Release|Any CPU
		{FA642BE5-E6A9-4EBF-9624-02F3129A87DE}.Release|Any CPU.Build.0 = Release|Any CPU
		{0333ED8F-246B-45C3-85C3-1E0A4A989A13}.Debug|Any CPU.ActiveCfg = Debug|Any CPU
		{0333ED8F-246B-45C3-85C3-1E0A4A989A13}.Debug|Any CPU.Build.0 = Debug|Any CPU
		{0333ED8F-246B-45C3-85C3-1E0A4A989A13}.Release|Any CPU.ActiveCfg = Release|Any CPU
		{0333ED8F-246B-45C3-85C3-1E0A4A989A13}.Release|Any CPU.Build.0 = Release|Any CPU
	EndGlobalSection
	GlobalSection(SolutionProperties) = preSolution
		HideSolutionNode = FALSE
	EndGlobalSection
	GlobalSection(ExtensibilityGlobals) = postSolution
		SolutionGuid = {A7AEE4DF-4E17-4013-A8D4-E742134983B8}
	EndGlobalSection
EndGlobal
